// !$*UTF8*$!
{
	archiveVersion = 1;
	classes = {
	};
	objectVersion = 50;
	objects = {

/* Begin PBXBuildFile section */
		55E2E0D2254EA4A40030851D /* AppDelegate.m in Sources */ = {isa = PBXBuildFile; fileRef = 55E2E0D1254EA4A40030851D /* AppDelegate.m */; };
		55E2E0D5254EA4A40030851D /* SceneDelegate.m in Sources */ = {isa = PBXBuildFile; fileRef = 55E2E0D4254EA4A40030851D /* SceneDelegate.m */; };
		55E2E0D8254EA4A40030851D /* ViewController.m in Sources */ = {isa = PBXBuildFile; fileRef = 55E2E0D7254EA4A40030851D /* ViewController.m */; };
		55E2E0DB254EA4A40030851D /* Main.storyboard in Resources */ = {isa = PBXBuildFile; fileRef = 55E2E0D9254EA4A40030851D /* Main.storyboard */; };
		55E2E0DD254EA4A70030851D /* Assets.xcassets in Resources */ = {isa = PBXBuildFile; fileRef = 55E2E0DC254EA4A70030851D /* Assets.xcassets */; };
		55E2E0E0254EA4A70030851D /* LaunchScreen.storyboard in Resources */ = {isa = PBXBuildFile; fileRef = 55E2E0DE254EA4A70030851D /* LaunchScreen.storyboard */; };
		55E2E0E3254EA4A70030851D /* main.m in Sources */ = {isa = PBXBuildFile; fileRef = 55E2E0E2254EA4A70030851D /* main.m */; };
		55E2E0EB254EAA270030851D /* WKProcessPool+FCShare.m in Sources */ = {isa = PBXBuildFile; fileRef = 55E2E0EA254EAA270030851D /* WKProcessPool+FCShare.m */; };
		55E2E0ED254EE5ED0030851D /* html.html in Resources */ = {isa = PBXBuildFile; fileRef = 55E2E0EC254EE5ED0030851D /* html.html */; };
/* End PBXBuildFile section */

/* Begin PBXFileReference section */
		55E2E0CD254EA4A40030851D /* iOS-OC.app */ = {isa = PBXFileReference; explicitFileType = wrapper.application; includeInIndex = 0; path = "iOS-OC.app"; sourceTree = BUILT_PRODUCTS_DIR; };
		55E2E0D0254EA4A40030851D /* AppDelegate.h */ = {isa = PBXFileReference; lastKnownFileType = sourcecode.c.h; path = AppDelegate.h; sourceTree = "<group>"; };
		55E2E0D1254EA4A40030851D /* AppDelegate.m */ = {isa = PBXFileReference; lastKnownFileType = sourcecode.c.objc; path = AppDelegate.m; sourceTree = "<group>"; };
		55E2E0D3254EA4A40030851D /* SceneDelegate.h */ = {isa = PBXFileReference; lastKnownFileType = sourcecode.c.h; path = SceneDelegate.h; sourceTree = "<group>"; };
		55E2E0D4254EA4A40030851D /* SceneDelegate.m */ = {isa = PBXFileReference; lastKnownFileType = sourcecode.c.objc; path = SceneDelegate.m; sourceTree = "<group>"; };
		55E2E0D6254EA4A40030851D /* ViewController.h */ = {isa = PBXFileReference; lastKnownFileType = sourcecode.c.h; path = ViewController.h; sourceTree = "<group>"; };
		55E2E0D7254EA4A40030851D /* ViewController.m */ = {isa = PBXFileReference; lastKnownFileType = sourcecode.c.objc; path = ViewController.m; sourceTree = "<group>"; };
		55E2E0DA254EA4A40030851D /* Base */ = {isa = PBXFileReference; lastKnownFileType = file.storyboard; name = Base; path = Base.lproj/Main.storyboard; sourceTree = "<group>"; };
		55E2E0DC254EA4A70030851D /* Assets.xcassets */ = {isa = PBXFileReference; lastKnownFileType = folder.assetcatalog; path = Assets.xcassets; sourceTree = "<group>"; };
		55E2E0DF254EA4A70030851D /* Base */ = {isa = PBXFileReference; lastKnownFileType = file.storyboard; name = Base; path = Base.lproj/LaunchScreen.storyboard; sourceTree = "<group>"; };
		55E2E0E1254EA4A70030851D /* Info.plist */ = {isa = PBXFileReference; lastKnownFileType = text.plist.xml; path = Info.plist; sourceTree = "<group>"; };
		55E2E0E2254EA4A70030851D /* main.m */ = {isa = PBXFileReference; lastKnownFileType = sourcecode.c.objc; path = main.m; sourceTree = "<group>"; };
		55E2E0E9254EAA270030851D /* WKProcessPool+FCShare.h */ = {isa = PBXFileReference; lastKnownFileType = sourcecode.c.h; path = "WKProcessPool+FCShare.h"; sourceTree = "<group>"; };
		55E2E0EA254EAA270030851D /* WKProcessPool+FCShare.m */ = {isa = PBXFileReference; lastKnownFileType = sourcecode.c.objc; path = "WKProcessPool+FCShare.m"; sourceTree = "<group>"; };
		55E2E0EC254EE5ED0030851D /* html.html */ = {isa = PBXFileReference; lastKnownFileType = text.html; path = html.html; sourceTree = "<group>"; };
/* End PBXFileReference section */

/* Begin PBXFrameworksBuildPhase section */
		55E2E0CA254EA4A40030851D /* Frameworks */ = {
			isa = PBXFrameworksBuildPhase;
			buildActionMask = 2147483647;
			files = (
			);
			runOnlyForDeploymentPostprocessing = 0;
		};
/* End PBXFrameworksBuildPhase section */

/* Begin PBXGroup section */
		55E2E0C4254EA4A40030851D = {
			isa = PBXGroup;
			children = (
				55E2E0CF254EA4A40030851D /* iOS-OC */,
				55E2E0CE254EA4A40030851D /* Products */,
			);
			sourceTree = "<group>";
		};
		55E2E0CE254EA4A40030851D /* Products */ = {
			isa = PBXGroup;
			children = (
				55E2E0CD254EA4A40030851D /* iOS-OC.app */,
			);
			name = Products;
			sourceTree = "<group>";
		};
		55E2E0CF254EA4A40030851D /* iOS-OC */ = {
			isa = PBXGroup;
			children = (
				55E2E0D0254EA4A40030851D /* AppDelegate.h */,
				55E2E0D1254EA4A40030851D /* AppDelegate.m */,
				55E2E0D3254EA4A40030851D /* SceneDelegate.h */,
				55E2E0D4254EA4A40030851D /* SceneDelegate.m */,
				55E2E0D6254EA4A40030851D /* ViewController.h */,
				55E2E0D7254EA4A40030851D /* ViewController.m */,
				55E2E0D9254EA4A40030851D /* Main.storyboard */,
				55E2E0DC254EA4A70030851D /* Assets.xcassets */,
				55E2E0DE254EA4A70030851D /* LaunchScreen.storyboard */,
				55E2E0E1254EA4A70030851D /* Info.plist */,
				55E2E0E2254EA4A70030851D /* main.m */,
				55E2E0E9254EAA270030851D /* WKProcessPool+FCShare.h */,
				55E2E0EA254EAA270030851D /* WKProcessPool+FCShare.m */,
				55E2E0EC254EE5ED0030851D /* html.html */,
			);
			path = "iOS-OC";
			sourceTree = "<group>";
		};
/* End PBXGroup section */

/* Begin PBXNativeTarget section */
		55E2E0CC254EA4A40030851D /* iOS-OC */ = {
			isa = PBXNativeTarget;
			buildConfigurationList = 55E2E0E6254EA4A70030851D /* Build configuration list for PBXNativeTarget "iOS-OC" */;
			buildPhases = (
				55E2E0C9254EA4A40030851D /* Sources */,
				55E2E0CA254EA4A40030851D /* Frameworks */,
				55E2E0CB254EA4A40030851D /* Resources */,
			);
			buildRules = (
			);
			dependencies = (
			);
			name = "iOS-OC";
			productName = "iOS-OC";
			productReference = 55E2E0CD254EA4A40030851D /* iOS-OC.app */;
			productType = "com.apple.product-type.application";
		};
/* End PBXNativeTarget section */

/* Begin PBXProject section */
		55E2E0C5254EA4A40030851D /* Project object */ = {
			isa = PBXProject;
			attributes = {
				LastUpgradeCheck = 1130;
				ORGANIZATIONNAME = "石富才";
				TargetAttributes = {
					55E2E0CC254EA4A40030851D = {
						CreatedOnToolsVersion = 11.3;
					};
				};
			};
			buildConfigurationList = 55E2E0C8254EA4A40030851D /* Build configuration list for PBXProject "iOS-OC" */;
			compatibilityVersion = "Xcode 9.3";
			developmentRegion = en;
			hasScannedForEncodings = 0;
			knownRegions = (
				en,
				Base,
			);
			mainGroup = 55E2E0C4254EA4A40030851D;
			productRefGroup = 55E2E0CE254EA4A40030851D /* Products */;
			projectDirPath = "";
			projectRoot = "";
			targets = (
				55E2E0CC254EA4A40030851D /* iOS-OC */,
			);
		};
/* End PBXProject section */

/* Begin PBXResourcesBuildPhase section */
		55E2E0CB254EA4A40030851D /* Resources */ = {
			isa = PBXResourcesBuildPhase;
			buildActionMask = 2147483647;
			files = (
				55E2E0E0254EA4A70030851D /* LaunchScreen.storyboard in Resources */,
				55E2E0ED254EE5ED0030851D /* html.html in Resources */,
				55E2E0DD254EA4A70030851D /* Assets.xcassets in Resources */,
				55E2E0DB254EA4A40030851D /* Main.storyboard in Resources */,
			);
			runOnlyForDeploymentPostprocessing = 0;
		};
/* End PBXResourcesBuildPhase section */

/* Begin PBXSourcesBuildPhase section */
		55E2E0C9254EA4A40030851D /* Sources */ = {
			isa = PBXSourcesBuildPhase;
			buildActionMask = 2147483647;
			files = (
				55E2E0D8254EA4A40030851D /* ViewController.m in Sources */,
				55E2E0D2254EA4A40030851D /* AppDelegate.m in Sources */,
				55E2E0EB254EAA270030851D /* WKProcessPool+FCShare.m in Sources */,
				55E2E0E3254EA4A70030851D /* main.m in Sources */,
				55E2E0D5254EA4A40030851D /* SceneDelegate.m in Sources */,
			);
			runOnlyForDeploymentPostprocessing = 0;
		};
/* End PBXSourcesBuildPhase section */

/* Begin PBXVariantGroup section */
		55E2E0D9254EA4A40030851D /* Main.storyboard */ = {
			isa = PBXVariantGroup;
			children = (
				55E2E0DA254EA4A40030851D /* Base */,
			);
			name = Main.storyboard;
			sourceTree = "<group>";
		};
		55E2E0DE254EA4A70030851D /* LaunchScreen.storyboard */ = {
			isa = PBXVariantGroup;
			children = (
				55E2E0DF254EA4A70030851D /* Base */,
			);
			name = LaunchScreen.storyboard;
			sourceTree = "<group>";
		};
/* End PBXVariantGroup section */

/* Begin XCBuildConfiguration section */
		55E2E0E4254EA4A70030851D /* Debug */ = {
			isa = XCBuildConfiguration;
			buildSettings = {
				ALWAYS_SEARCH_USER_PATHS = NO;
				CLANG_ANALYZER_NONNULL = YES;
				CLANG_ANALYZER_NUMBER_OBJECT_CONVERSION = YES_AGGRESSIVE;
				CLANG_CXX_LANGUAGE_STANDARD = "gnu++14";
				CLANG_CXX_LIBRARY = "libc++";
				CLANG_ENABLE_MODULES = YES;
				CLANG_ENABLE_OBJC_ARC = YES;
				CLANG_ENABLE_OBJC_WEAK = YES;
				CLANG_WARN_BLOCK_CAPTURE_AUTORELEASING = YES;
				CLANG_WARN_BOOL_CONVERSION = YES;
				CLANG_WARN_COMMA = YES;
				CLANG_WARN_CONSTANT_CONVERSION = YES;
				CLANG_WARN_DEPRECATED_OBJC_IMPLEMENTATIONS = YES;
				CLANG_WARN_DIRECT_OBJC_ISA_USAGE = YES_ERROR;
				CLANG_WARN_DOCUMENTATION_COMMENTS = YES;
				CLANG_WARN_EMPTY_BODY = YES;
				CLANG_WARN_ENUM_CONVERSION = YES;
				CLANG_WARN_INFINITE_RECURSION = YES;
				CLANG_WARN_INT_CONVERSION = YES;
				CLANG_WARN_NON_LITERAL_NULL_CONVERSION = YES;
				CLANG_WARN_OBJC_IMPLICIT_RETAIN_SELF = YES;
				CLANG_WARN_OBJC_LITERAL_CONVERSION = YES;
				CLANG_WARN_OBJC_ROOT_CLASS = YES_ERROR;
				CLANG_WARN_RANGE_LOOP_ANALYSIS = YES;
				CLANG_WARN_STRICT_PROTOTYPES = YES;
				CLANG_WARN_SUSPICIOUS_MOVE = YES;
				CLANG_WARN_UNGUARDED_AVAILABILITY = YES_AGGRESSIVE;
				CLANG_WARN_UNREACHABLE_CODE = YES;
				CLANG_WARN__DUPLICATE_METHOD_MATCH = YES;
				COPY_PHASE_STRIP = NO;
				DEBUG_INFORMATION_FORMAT = dwarf;
				ENABLE_STRICT_OBJC_MSGSEND = YES;
				ENABLE_TESTABILITY = YES;
				GCC_C_LANGUAGE_STANDARD = gnu11;
				GCC_DYNAMIC_NO_PIC = NO;
				GCC_NO_COMMON_BLOCKS = YES;
				GCC_OPTIMIZATION_LEVEL = 0;
				GCC_PREPROCESSOR_DEFINITIONS = (
					"DEBUG=1",
					"$(inherited)",
				);
				GCC_WARN_64_TO_32_BIT_CONVERSION = YES;
				GCC_WARN_ABOUT_RETURN_TYPE = YES_ERROR;
				GCC_WARN_UNDECLARED_SELECTOR = YES;
				GCC_WARN_UNINITIALIZED_AUTOS = YES_AGGRESSIVE;
				GCC_WARN_UNUSED_FUNCTION = YES;
				GCC_WARN_UNUSED_VARIABLE = YES;
				IPHONEOS_DEPLOYMENT_TARGET = 13.2;
				MTL_ENABLE_DEBUG_INFO = INCLUDE_SOURCE;
				MTL_FAST_MATH = YES;
				ONLY_ACTIVE_ARCH = YES;
				SDKROOT = iphoneos;
			};
			name = Debug;
		};
		55E2E0E5254EA4A70030851D /* Release */ = {
			isa = XCBuildConfiguration;
			buildSettings = {
				ALWAYS_SEARCH_USER_PATHS = NO;
				CLANG_ANALYZER_NONNULL = YES;
				CLANG_ANALYZER_NUMBER_OBJECT_CONVERSION = YES_AGGRESSIVE;
				CLANG_CXX_LANGUAGE_STANDARD = "gnu++14";
				CLANG_CXX_LIBRARY = "libc++";
				CLANG_ENABLE_MODULES = YES;
				CLANG_ENABLE_OBJC_ARC = YES;
				CLANG_ENABLE_OBJC_WEAK = YES;
				CLANG_WARN_BLOCK_CAPTURE_AUTORELEASING = YES;
				CLANG_WARN_BOOL_CONVERSION = YES;
				CLANG_WARN_COMMA = YES;
				CLANG_WARN_CONSTANT_CONVERSION = YES;
				CLANG_WARN_DEPRECATED_OBJC_IMPLEMENTATIONS = YES;
				CLANG_WARN_DIRECT_OBJC_ISA_USAGE = YES_ERROR;
				CLANG_WARN_DOCUMENTATION_COMMENTS = YES;
				CLANG_WARN_EMPTY_BODY = YES;
				CLANG_WARN_ENUM_CONVERSION = YES;
				CLANG_WARN_INFINITE_RECURSION = YES;
				CLANG_WARN_INT_CONVERSION = YES;
				CLANG_WARN_NON_LITERAL_NULL_CONVERSION = YES;
				CLANG_WARN_OBJC_IMPLICIT_RETAIN_SELF = YES;
				CLANG_WARN_OBJC_LITERAL_CONVERSION = YES;
				CLANG_WARN_OBJC_ROOT_CLASS = YES_ERROR;
				CLANG_WARN_RANGE_LOOP_ANALYSIS = YES;
				CLANG_WARN_STRICT_PROTOTYPES = YES;
				CLANG_WARN_SUSPICIOUS_MOVE = YES;
				CLANG_WARN_UNGUARDED_AVAILABILITY = YES_AGGRESSIVE;
				CLANG_WARN_UNREACHABLE_CODE = YES;
				CLANG_WARN__DUPLICATE_METHOD_MATCH = YES;
				COPY_PHASE_STRIP = NO;
				DEBUG_INFORMATION_FORMAT = "dwarf-with-dsym";
				ENABLE_NS_ASSERTIONS = NO;
				ENABLE_STRICT_OBJC_MSGSEND = YES;
				GCC_C_LANGUAGE_STANDARD = gnu11;
				GCC_NO_COMMON_BLOCKS = YES;
				GCC_WARN_64_TO_32_BIT_CONVERSION = YES;
				GCC_WARN_ABOUT_RETURN_TYPE = YES_ERROR;
				GCC_WARN_UNDECLARED_SELECTOR = YES;
				GCC_WARN_UNINITIALIZED_AUTOS = YES_AGGRESSIVE;
				GCC_WARN_UNUSED_FUNCTION = YES;
				GCC_WARN_UNUSED_VARIABLE = YES;
				IPHONEOS_DEPLOYMENT_TARGET = 13.2;
				MTL_ENABLE_DEBUG_INFO = NO;
				MTL_FAST_MATH = YES;
				SDKROOT = iphoneos;
				VALIDATE_PRODUCT = YES;
			};
			name = Release;
		};
		55E2E0E7254EA4A70030851D /* Debug */ = {
			isa = XCBuildConfiguration;
			buildSettings = {
				ASSETCATALOG_COMPILER_APPICON_NAME = AppIcon;
				CODE_SIGN_STYLE = Automatic;
				DEVELOPMENT_TEAM = WM7ANQ39MH;
				INFOPLIST_FILE = "iOS-OC/Info.plist";
				LD_RUNPATH_SEARCH_PATHS = (
					"$(inherited)",
					"@executable_path/Frameworks",
				);
				PRODUCT_BUNDLE_IDENTIFIER = "xyz.shushixian.iOS-OC";
				PRODUCT_NAME = "$(TARGET_NAME)";
				TARGETED_DEVICE_FAMILY = "1,2";
			};
			name = Debug;
		};
		55E2E0E8254EA4A70030851D /* Release */ = {
			isa = XCBuildConfiguration;
			buildSettings = {
				ASSETCATALOG_COMPILER_APPICON_NAME = AppIcon;
				CODE_SIGN_STYLE = Automatic;
				DEVELOPMENT_TEAM = WM7ANQ39MH;
				INFOPLIST_FILE = "iOS-OC/Info.plist";
				LD_RUNPATH_SEARCH_PATHS = (
					"$(inherited)",
					"@executable_path/Frameworks",
				);
				PRODUCT_BUNDLE_IDENTIFIER = "xyz.shushixian.iOS-OC";
				PRODUCT_NAME = "$(TARGET_NAME)";
				TARGETED_DEVICE_FAMILY = "1,2";
			};
			name = Release;
		};
/* End XCBuildConfiguration section */

/* Begin XCConfigurationList section */
		55E2E0C8254EA4A40030851D /* Build configuration list for PBXProject "iOS-OC" */ = {
			isa = XCConfigurationList;
			buildConfigurations = (
				55E2E0E4254EA4A70030851D /* Debug */,
				55E2E0E5254EA4A70030851D /* Release */,
			);
			defaultConfigurationIsVisible = 0;
			defaultConfigurationName = Release;
		};
		55E2E0E6254EA4A70030851D /* Build configuration list for PBXNativeTarget "iOS-OC" */ = {
			isa = XCConfigurationList;
			buildConfigurations = (
				55E2E0E7254EA4A70030851D /* Debug */,
				55E2E0E8254EA4A70030851D /* Release */,
			);
			defaultConfigurationIsVisible = 0;
			defaultConfigurationName = Release;
		};
/* End XCConfigurationList section */
	};
	rootObject = 55E2E0C5254EA4A40030851D /* Project object */;
}
